
Microsoft Visual Studio Solution File, Format Version 12.00
# Visual Studio Version 16
VisualStudioVersion = 16.0.30320.27
MinimumVisualStudioVersion = 10.0.40219.1
Project("{FAE04EC0-301F-11D3-BF4B-00C04F79EFBC}") = "GTESGXEditor", "GTESGXEditor\GTESGXEditor.csproj", "{0D959AB2-FEA4-4628-919B-4CEA78B6EFEC}"
EndProject
Global
	GlobalSection(SolutionConfigurationPlatforms) = preSolution
		Debug|Any CPU = Debug|Any CPU
		Release|Any CPU = Release|Any CPU
	EndGlobalSection
	GlobalSection(ProjectConfigurationPlatforms) = postSolution
		{0D959AB2-FEA4-4628-919B-4CEA78B6EFEC}.Debug|Any CPU.ActiveCfg = Debug|Any CPU
		{0D959AB2-FEA4-4628-919B-4CEA78B6EFEC}.Debug|Any CPU.Build.0 = Debug|Any CPU
		{0D959AB2-FEA4-4628-919B-4CEA78B6EFEC}.Release|Any CPU.ActiveCfg = Release|Any CPU
		{0D959AB2-FEA4-4628-919B-4CEA78B6EFEC}.Release|Any CPU.Build.0 = Release|Any CPU
	EndGlobalSection
	GlobalSection(SolutionProperties) = preSolution
		HideSolutionNode = FALSE
	EndGlobalSection
	GlobalSection(ExtensibilityGlobals) = postSolution
		SolutionGuid = {0F410149-FF8F-48C8-8BAF-184A7D4E1568}
	EndGlobalSection
EndGlobal
